
Microsoft Visual Studio Solution File, Format Version 12.00
# Visual Studio Version 17
VisualStudioVersion = 17.0.31903.59
MinimumVisualStudioVersion = 10.0.40219.1
Project("{2150E333-8FDC-42A3-9474-1A3956D46DE8}") = "src", "src", "{827E0CD3-B72D-47B6-A68D-7590B98EB39B}"
EndProject
Project("{FAE04EC0-301F-11D3-BF4B-00C04F79EFBC}") = "HeadendHQ.AmazonPrime", "src\HeadendHQ.AmazonPrime\HeadendHQ.AmazonPrime.csproj", "{9A63DCE3-E70E-49E9-B240-4F6B831E02BF}"
EndProject
Project("{FAE04EC0-301F-11D3-BF4B-00C04F79EFBC}") = "HeadendHQ.Core", "src\HeadendHQ.Core\HeadendHQ.Core.csproj", "{15E7E9FF-331D-4E97-872E-2DC3A0639AD6}"
EndProject
Project("{FAE04EC0-301F-11D3-BF4B-00C04F79EFBC}") = "HeadendHQ.AspNet", "src\HeadendHQ.AspNet\HeadendHQ.AspNet.csproj", "{F1F6FC32-E27C-4AE9-B91B-D35983A1D482}"
EndProject
Project("{FAE04EC0-301F-11D3-BF4B-00C04F79EFBC}") = "HeadendHQ.Data", "src\HeadendHQ.Data\HeadendHQ.Data.csproj", "{69697CA1-E620-4E75-8BEC-1974C56837A2}"
EndProject
Project("{FAE04EC0-301F-11D3-BF4B-00C04F79EFBC}") = "HeadendHQ.VodLauncher", "src\HeadendHQ.VodLauncher\HeadendHQ.VodLauncher.csproj", "{BB1C365E-60BC-47A0-A9FD-583F8860E5C3}"
EndProject
Project("{FAE04EC0-301F-11D3-BF4B-00C04F79EFBC}") = "HeadendHQ.HdHomerun", "src\HeadendHQ.HdHomerun\HeadendHQ.HdHomerun.csproj", "{0EC4230D-4F59-4EB8-9374-2DBD911CA61F}"
EndProject
Project("{FAE04EC0-301F-11D3-BF4B-00C04F79EFBC}") = "HeadendHQ.FFmpeg", "src\HeadendHQ.FFmpeg\HeadendHQ.FFmpeg.csproj", "{F212C10E-21FF-4C31-8E1B-79C46E70B654}"
EndProject
Project("{FAE04EC0-301F-11D3-BF4B-00C04F79EFBC}") = "HeadendHQ.Espn", "src\HeadendHQ.Espn\HeadendHQ.Espn.csproj", "{F246D32C-B994-4395-9A27-AA507EB14F39}"
EndProject
Project("{FAE04EC0-301F-11D3-BF4B-00C04F79EFBC}") = "HeadendHQ.Hangfire", "src\HeadendHQ.Hangfire\HeadendHQ.Hangfire.csproj", "{0B422A9C-0D9C-4F97-B007-4F40F29D1E3C}"
EndProject
Project("{FAE04EC0-301F-11D3-BF4B-00C04F79EFBC}") = "HeadendHQ.Mediator", "src\HeadendHQ.Mediator\HeadendHQ.Mediator.csproj", "{55C18AE6-CFB0-4D2C-B3A4-5D7D9639CD71}"
EndProject
Project("{FAE04EC0-301F-11D3-BF4B-00C04F79EFBC}") = "HeadendHQ.Nba", "src\HeadendHQ.Nba\HeadendHQ.Nba.csproj", "{9F1AE101-1996-4CD5-B917-8ABEE588C2A2}"
EndProject
Project("{FAE04EC0-301F-11D3-BF4B-00C04F79EFBC}") = "HeadendHQ.Nfo", "src\HeadendHQ.Nfo\HeadendHQ.Nfo.csproj", "{7EC5C5DC-865D-4198-97A3-EDA9950C5F4A}"
EndProject
Project("{FAE04EC0-301F-11D3-BF4B-00C04F79EFBC}") = "HeadendHQ.Peacock", "src\HeadendHQ.Peacock\HeadendHQ.Peacock.csproj", "{C853AA43-4567-43D8-A968-6BFD014F6C69}"
EndProject
Project("{FAE04EC0-301F-11D3-BF4B-00C04F79EFBC}") = "HeadendHQ.SixLabors", "src\HeadendHQ.SixLabors\HeadendHQ.SixLabors.csproj", "{72A18D1D-1711-4B62-842C-8EB74BEFDAA4}"
EndProject
Project("{FAE04EC0-301F-11D3-BF4B-00C04F79EFBC}") = "HeadendHQ.Web", "src\HeadendHQ.Web\HeadendHQ.Web.csproj", "{1B4202EE-5ABB-4A5D-AC23-79E5359F9DC3}"
EndProject
Global
	GlobalSection(SolutionConfigurationPlatforms) = preSolution
		Debug|Any CPU = Debug|Any CPU
		Debug|x64 = Debug|x64
		Debug|x86 = Debug|x86
		Release|Any CPU = Release|Any CPU
		Release|x64 = Release|x64
		Release|x86 = Release|x86
	EndGlobalSection
	GlobalSection(ProjectConfigurationPlatforms) = postSolution
		{9A63DCE3-E70E-49E9-B240-4F6B831E02BF}.Debug|Any CPU.ActiveCfg = Debug|Any CPU
		{9A63DCE3-E70E-49E9-B240-4F6B831E02BF}.Debug|Any CPU.Build.0 = Debug|Any CPU
		{9A63DCE3-E70E-49E9-B240-4F6B831E02BF}.Debug|x64.ActiveCfg = Debug|Any CPU
		{9A63DCE3-E70E-49E9-B240-4F6B831E02BF}.Debug|x64.Build.0 = Debug|Any CPU
		{9A63DCE3-E70E-49E9-B240-4F6B831E02BF}.Debug|x86.ActiveCfg = Debug|Any CPU
		{9A63DCE3-E70E-49E9-B240-4F6B831E02BF}.Debug|x86.Build.0 = Debug|Any CPU
		{9A63DCE3-E70E-49E9-B240-4F6B831E02BF}.Release|Any CPU.ActiveCfg = Release|Any CPU
		{9A63DCE3-E70E-49E9-B240-4F6B831E02BF}.Release|Any CPU.Build.0 = Release|Any CPU
		{9A63DCE3-E70E-49E9-B240-4F6B831E02BF}.Release|x64.ActiveCfg = Release|Any CPU
		{9A63DCE3-E70E-49E9-B240-4F6B831E02BF}.Release|x64.Build.0 = Release|Any CPU
		{9A63DCE3-E70E-49E9-B240-4F6B831E02BF}.Release|x86.ActiveCfg = Release|Any CPU
		{9A63DCE3-E70E-49E9-B240-4F6B831E02BF}.Release|x86.Build.0 = Release|Any CPU
		{15E7E9FF-331D-4E97-872E-2DC3A0639AD6}.Debug|Any CPU.ActiveCfg = Debug|Any CPU
		{15E7E9FF-331D-4E97-872E-2DC3A0639AD6}.Debug|Any CPU.Build.0 = Debug|Any CPU
		{15E7E9FF-331D-4E97-872E-2DC3A0639AD6}.Debug|x64.ActiveCfg = Debug|Any CPU
		{15E7E9FF-331D-4E97-872E-2DC3A0639AD6}.Debug|x64.Build.0 = Debug|Any CPU
		{15E7E9FF-331D-4E97-872E-2DC3A0639AD6}.Debug|x86.ActiveCfg = Debug|Any CPU
		{15E7E9FF-331D-4E97-872E-2DC3A0639AD6}.Debug|x86.Build.0 = Debug|Any CPU
		{15E7E9FF-331D-4E97-872E-2DC3A0639AD6}.Release|Any CPU.ActiveCfg = Release|Any CPU
		{15E7E9FF-331D-4E97-872E-2DC3A0639AD6}.Release|Any CPU.Build.0 = Release|Any CPU
		{15E7E9FF-331D-4E97-872E-2DC3A0639AD6}.Release|x64.ActiveCfg = Release|Any CPU
		{15E7E9FF-331D-4E97-872E-2DC3A0639AD6}.Release|x64.Build.0 = Release|Any CPU
		{15E7E9FF-331D-4E97-872E-2DC3A0639AD6}.Release|x86.ActiveCfg = Release|Any CPU
		{15E7E9FF-331D-4E97-872E-2DC3A0639AD6}.Release|x86.Build.0 = Release|Any CPU
		{F1F6FC32-E27C-4AE9-B91B-D35983A1D482}.Debug|Any CPU.ActiveCfg = Debug|Any CPU
		{F1F6FC32-E27C-4AE9-B91B-D35983A1D482}.Debug|Any CPU.Build.0 = Debug|Any CPU
		{F1F6FC32-E27C-4AE9-B91B-D35983A1D482}.Debug|x64.ActiveCfg = Debug|Any CPU
		{F1F6FC32-E27C-4AE9-B91B-D35983A1D482}.Debug|x64.Build.0 = Debug|Any CPU
		{F1F6FC32-E27C-4AE9-B91B-D35983A1D482}.Debug|x86.ActiveCfg = Debug|Any CPU
		{F1F6FC32-E27C-4AE9-B91B-D35983A1D482}.Debug|x86.Build.0 = Debug|Any CPU
		{F1F6FC32-E27C-4AE9-B91B-D35983A1D482}.Release|Any CPU.ActiveCfg = Release|Any CPU
		{F1F6FC32-E27C-4AE9-B91B-D35983A1D482}.Release|Any CPU.Build.0 = Release|Any CPU
		{F1F6FC32-E27C-4AE9-B91B-D35983A1D482}.Release|x64.ActiveCfg = Release|Any CPU
		{F1F6FC32-E27C-4AE9-B91B-D35983A1D482}.Release|x64.Build.0 = Release|Any CPU
		{F1F6FC32-E27C-4AE9-B91B-D35983A1D482}.Release|x86.ActiveCfg = Release|Any CPU
		{F1F6FC32-E27C-4AE9-B91B-D35983A1D482}.Release|x86.Build.0 = Release|Any CPU
		{69697CA1-E620-4E75-8BEC-1974C56837A2}.Debug|Any CPU.ActiveCfg = Debug|Any CPU
		{69697CA1-E620-4E75-8BEC-1974C56837A2}.Debug|Any CPU.Build.0 = Debug|Any CPU
		{69697CA1-E620-4E75-8BEC-1974C56837A2}.Debug|x64.ActiveCfg = Debug|Any CPU
		{69697CA1-E620-4E75-8BEC-1974C56837A2}.Debug|x64.Build.0 = Debug|Any CPU
		{69697CA1-E620-4E75-8BEC-1974C56837A2}.Debug|x86.ActiveCfg = Debug|Any CPU
		{69697CA1-E620-4E75-8BEC-1974C56837A2}.Debug|x86.Build.0 = Debug|Any CPU
		{69697CA1-E620-4E75-8BEC-1974C56837A2}.Release|Any CPU.ActiveCfg = Release|Any CPU
		{69697CA1-E620-4E75-8BEC-1974C56837A2}.Release|Any CPU.Build.0 = Release|Any CPU
		{69697CA1-E620-4E75-8BEC-1974C56837A2}.Release|x64.ActiveCfg = Release|Any CPU
		{69697CA1-E620-4E75-8BEC-1974C56837A2}.Release|x64.Build.0 = Release|Any CPU
		{69697CA1-E620-4E75-8BEC-1974C56837A2}.Release|x86.ActiveCfg = Release|Any CPU
		{69697CA1-E620-4E75-8BEC-1974C56837A2}.Release|x86.Build.0 = Release|Any CPU
		{BB1C365E-60BC-47A0-A9FD-583F8860E5C3}.Debug|Any CPU.ActiveCfg = Debug|Any CPU
		{BB1C365E-60BC-47A0-A9FD-583F8860E5C3}.Debug|Any CPU.Build.0 = Debug|Any CPU
		{BB1C365E-60BC-47A0-A9FD-583F8860E5C3}.Debug|x64.ActiveCfg = Debug|Any CPU
		{BB1C365E-60BC-47A0-A9FD-583F8860E5C3}.Debug|x64.Build.0 = Debug|Any CPU
		{BB1C365E-60BC-47A0-A9FD-583F8860E5C3}.Debug|x86.ActiveCfg = Debug|Any CPU
		{BB1C365E-60BC-47A0-A9FD-583F8860E5C3}.Debug|x86.Build.0 = Debug|Any CPU
		{BB1C365E-60BC-47A0-A9FD-583F8860E5C3}.Release|Any CPU.ActiveCfg = Release|Any CPU
		{BB1C365E-60BC-47A0-A9FD-583F8860E5C3}.Release|Any CPU.Build.0 = Release|Any CPU
		{BB1C365E-60BC-47A0-A9FD-583F8860E5C3}.Release|x64.ActiveCfg = Release|Any CPU
		{BB1C365E-60BC-47A0-A9FD-583F8860E5C3}.Release|x64.Build.0 = Release|Any CPU
		{BB1C365E-60BC-47A0-A9FD-583F8860E5C3}.Release|x86.ActiveCfg = Release|Any CPU
		{BB1C365E-60BC-47A0-A9FD-583F8860E5C3}.Release|x86.Build.0 = Release|Any CPU
		{0EC4230D-4F59-4EB8-9374-2DBD911CA61F}.Debug|Any CPU.ActiveCfg = Debug|Any CPU
		{0EC4230D-4F59-4EB8-9374-2DBD911CA61F}.Debug|Any CPU.Build.0 = Debug|Any CPU
		{0EC4230D-4F59-4EB8-9374-2DBD911CA61F}.Debug|x64.ActiveCfg = Debug|Any CPU
		{0EC4230D-4F59-4EB8-9374-2DBD911CA61F}.Debug|x64.Build.0 = Debug|Any CPU
		{0EC4230D-4F59-4EB8-9374-2DBD911CA61F}.Debug|x86.ActiveCfg = Debug|Any CPU
		{0EC4230D-4F59-4EB8-9374-2DBD911CA61F}.Debug|x86.Build.0 = Debug|Any CPU
		{0EC4230D-4F59-4EB8-9374-2DBD911CA61F}.Release|Any CPU.ActiveCfg = Release|Any CPU
		{0EC4230D-4F59-4EB8-9374-2DBD911CA61F}.Release|Any CPU.Build.0 = Release|Any CPU
		{0EC4230D-4F59-4EB8-9374-2DBD911CA61F}.Release|x64.ActiveCfg = Release|Any CPU
		{0EC4230D-4F59-4EB8-9374-2DBD911CA61F}.Release|x64.Build.0 = Release|Any CPU
		{0EC4230D-4F59-4EB8-9374-2DBD911CA61F}.Release|x86.ActiveCfg = Release|Any CPU
		{0EC4230D-4F59-4EB8-9374-2DBD911CA61F}.Release|x86.Build.0 = Release|Any CPU
		{F212C10E-21FF-4C31-8E1B-79C46E70B654}.Debug|Any CPU.ActiveCfg = Debug|Any CPU
		{F212C10E-21FF-4C31-8E1B-79C46E70B654}.Debug|Any CPU.Build.0 = Debug|Any CPU
		{F212C10E-21FF-4C31-8E1B-79C46E70B654}.Debug|x64.ActiveCfg = Debug|Any CPU
		{F212C10E-21FF-4C31-8E1B-79C46E70B654}.Debug|x64.Build.0 = Debug|Any CPU
		{F212C10E-21FF-4C31-8E1B-79C46E70B654}.Debug|x86.ActiveCfg = Debug|Any CPU
		{F212C10E-21FF-4C31-8E1B-79C46E70B654}.Debug|x86.Build.0 = Debug|Any CPU
		{F212C10E-21FF-4C31-8E1B-79C46E70B654}.Release|Any CPU.ActiveCfg = Release|Any CPU
		{F212C10E-21FF-4C31-8E1B-79C46E70B654}.Release|Any CPU.Build.0 = Release|Any CPU
		{F212C10E-21FF-4C31-8E1B-79C46E70B654}.Release|x64.ActiveCfg = Release|Any CPU
		{F212C10E-21FF-4C31-8E1B-79C46E70B654}.Release|x64.Build.0 = Release|Any CPU
		{F212C10E-21FF-4C31-8E1B-79C46E70B654}.Release|x86.ActiveCfg = Release|Any CPU
		{F212C10E-21FF-4C31-8E1B-79C46E70B654}.Release|x86.Build.0 = Release|Any CPU
		{F246D32C-B994-4395-9A27-AA507EB14F39}.Debug|Any CPU.ActiveCfg = Debug|Any CPU
		{F246D32C-B994-4395-9A27-AA507EB14F39}.Debug|Any CPU.Build.0 = Debug|Any CPU
		{F246D32C-B994-4395-9A27-AA507EB14F39}.Debug|x64.ActiveCfg = Debug|Any CPU
		{F246D32C-B994-4395-9A27-AA507EB14F39}.Debug|x64.Build.0 = Debug|Any CPU
		{F246D32C-B994-4395-9A27-AA507EB14F39}.Debug|x86.ActiveCfg = Debug|Any CPU
		{F246D32C-B994-4395-9A27-AA507EB14F39}.Debug|x86.Build.0 = Debug|Any CPU
		{F246D32C-B994-4395-9A27-AA507EB14F39}.Release|Any CPU.ActiveCfg = Release|Any CPU
		{F246D32C-B994-4395-9A27-AA507EB14F39}.Release|Any CPU.Build.0 = Release|Any CPU
		{F246D32C-B994-4395-9A27-AA507EB14F39}.Release|x64.ActiveCfg = Release|Any CPU
		{F246D32C-B994-4395-9A27-AA507EB14F39}.Release|x64.Build.0 = Release|Any CPU
		{F246D32C-B994-4395-9A27-AA507EB14F39}.Release|x86.ActiveCfg = Release|Any CPU
		{F246D32C-B994-4395-9A27-AA507EB14F39}.Release|x86.Build.0 = Release|Any CPU
		{0B422A9C-0D9C-4F97-B007-4F40F29D1E3C}.Debug|Any CPU.ActiveCfg = Debug|Any CPU
		{0B422A9C-0D9C-4F97-B007-4F40F29D1E3C}.Debug|Any CPU.Build.0 = Debug|Any CPU
		{0B422A9C-0D9C-4F97-B007-4F40F29D1E3C}.Debug|x64.ActiveCfg = Debug|Any CPU
		{0B422A9C-0D9C-4F97-B007-4F40F29D1E3C}.Debug|x64.Build.0 = Debug|Any CPU
		{0B422A9C-0D9C-4F97-B007-4F40F29D1E3C}.Debug|x86.ActiveCfg = Debug|Any CPU
		{0B422A9C-0D9C-4F97-B007-4F40F29D1E3C}.Debug|x86.Build.0 = Debug|Any CPU
		{0B422A9C-0D9C-4F97-B007-4F40F29D1E3C}.Release|Any CPU.ActiveCfg = Release|Any CPU
		{0B422A9C-0D9C-4F97-B007-4F40F29D1E3C}.Release|Any CPU.Build.0 = Release|Any CPU
		{0B422A9C-0D9C-4F97-B007-4F40F29D1E3C}.Release|x64.ActiveCfg = Release|Any CPU
		{0B422A9C-0D9C-4F97-B007-4F40F29D1E3C}.Release|x64.Build.0 = Release|Any CPU
		{0B422A9C-0D9C-4F97-B007-4F40F29D1E3C}.Release|x86.ActiveCfg = Release|Any CPU
		{0B422A9C-0D9C-4F97-B007-4F40F29D1E3C}.Release|x86.Build.0 = Release|Any CPU
		{55C18AE6-CFB0-4D2C-B3A4-5D7D9639CD71}.Debug|Any CPU.ActiveCfg = Debug|Any CPU
		{55C18AE6-CFB0-4D2C-B3A4-5D7D9639CD71}.Debug|Any CPU.Build.0 = Debug|Any CPU
		{55C18AE6-CFB0-4D2C-B3A4-5D7D9639CD71}.Debug|x64.ActiveCfg = Debug|Any CPU
		{55C18AE6-CFB0-4D2C-B3A4-5D7D9639CD71}.Debug|x64.Build.0 = Debug|Any CPU
		{55C18AE6-CFB0-4D2C-B3A4-5D7D9639CD71}.Debug|x86.ActiveCfg = Debug|Any CPU
		{55C18AE6-CFB0-4D2C-B3A4-5D7D9639CD71}.Debug|x86.Build.0 = Debug|Any CPU
		{55C18AE6-CFB0-4D2C-B3A4-5D7D9639CD71}.Release|Any CPU.ActiveCfg = Release|Any CPU
		{55C18AE6-CFB0-4D2C-B3A4-5D7D9639CD71}.Release|Any CPU.Build.0 = Release|Any CPU
		{55C18AE6-CFB0-4D2C-B3A4-5D7D9639CD71}.Release|x64.ActiveCfg = Release|Any CPU
		{55C18AE6-CFB0-4D2C-B3A4-5D7D9639CD71}.Release|x64.Build.0 = Release|Any CPU
		{55C18AE6-CFB0-4D2C-B3A4-5D7D9639CD71}.Release|x86.ActiveCfg = Release|Any CPU
		{55C18AE6-CFB0-4D2C-B3A4-5D7D9639CD71}.Release|x86.Build.0 = Release|Any CPU
		{9F1AE101-1996-4CD5-B917-8ABEE588C2A2}.Debug|Any CPU.ActiveCfg = Debug|Any CPU
		{9F1AE101-1996-4CD5-B917-8ABEE588C2A2}.Debug|Any CPU.Build.0 = Debug|Any CPU
		{9F1AE101-1996-4CD5-B917-8ABEE588C2A2}.Debug|x64.ActiveCfg = Debug|Any CPU
		{9F1AE101-1996-4CD5-B917-8ABEE588C2A2}.Debug|x64.Build.0 = Debug|Any CPU
		{9F1AE101-1996-4CD5-B917-8ABEE588C2A2}.Debug|x86.ActiveCfg = Debug|Any CPU
		{9F1AE101-1996-4CD5-B917-8ABEE588C2A2}.Debug|x86.Build.0 = Debug|Any CPU
		{9F1AE101-1996-4CD5-B917-8ABEE588C2A2}.Release|Any CPU.ActiveCfg = Release|Any CPU
		{9F1AE101-1996-4CD5-B917-8ABEE588C2A2}.Release|Any CPU.Build.0 = Release|Any CPU
		{9F1AE101-1996-4CD5-B917-8ABEE588C2A2}.Release|x64.ActiveCfg = Release|Any CPU
		{9F1AE101-1996-4CD5-B917-8ABEE588C2A2}.Release|x64.Build.0 = Release|Any CPU
		{9F1AE101-1996-4CD5-B917-8ABEE588C2A2}.Release|x86.ActiveCfg = Release|Any CPU
		{9F1AE101-1996-4CD5-B917-8ABEE588C2A2}.Release|x86.Build.0 = Release|Any CPU
		{7EC5C5DC-865D-4198-97A3-EDA9950C5F4A}.Debug|Any CPU.ActiveCfg = Debug|Any CPU
		{7EC5C5DC-865D-4198-97A3-EDA9950C5F4A}.Debug|Any CPU.Build.0 = Debug|Any CPU
		{7EC5C5DC-865D-4198-97A3-EDA9950C5F4A}.Debug|x64.ActiveCfg = Debug|Any CPU
		{7EC5C5DC-865D-4198-97A3-EDA9950C5F4A}.Debug|x64.Build.0 = Debug|Any CPU
		{7EC5C5DC-865D-4198-97A3-EDA9950C5F4A}.Debug|x86.ActiveCfg = Debug|Any CPU
		{7EC5C5DC-865D-4198-97A3-EDA9950C5F4A}.Debug|x86.Build.0 = Debug|Any CPU
		{7EC5C5DC-865D-4198-97A3-EDA9950C5F4A}.Release|Any CPU.ActiveCfg = Release|Any CPU
		{7EC5C5DC-865D-4198-97A3-EDA9950C5F4A}.Release|Any CPU.Build.0 = Release|Any CPU
		{7EC5C5DC-865D-4198-97A3-EDA9950C5F4A}.Release|x64.ActiveCfg = Release|Any CPU
		{7EC5C5DC-865D-4198-97A3-EDA9950C5F4A}.Release|x64.Build.0 = Release|Any CPU
		{7EC5C5DC-865D-4198-97A3-EDA9950C5F4A}.Release|x86.ActiveCfg = Release|Any CPU
		{7EC5C5DC-865D-4198-97A3-EDA9950C5F4A}.Release|x86.Build.0 = Release|Any CPU
		{C853AA43-4567-43D8-A968-6BFD014F6C69}.Debug|Any CPU.ActiveCfg = Debug|Any CPU
		{C853AA43-4567-43D8-A968-6BFD014F6C69}.Debug|Any CPU.Build.0 = Debug|Any CPU
		{C853AA43-4567-43D8-A968-6BFD014F6C69}.Debug|x64.ActiveCfg = Debug|Any CPU
		{C853AA43-4567-43D8-A968-6BFD014F6C69}.Debug|x64.Build.0 = Debug|Any CPU
		{C853AA43-4567-43D8-A968-6BFD014F6C69}.Debug|x86.ActiveCfg = Debug|Any CPU
		{C853AA43-4567-43D8-A968-6BFD014F6C69}.Debug|x86.Build.0 = Debug|Any CPU
		{C853AA43-4567-43D8-A968-6BFD014F6C69}.Release|Any CPU.ActiveCfg = Release|Any CPU
		{C853AA43-4567-43D8-A968-6BFD014F6C69}.Release|Any CPU.Build.0 = Release|Any CPU
		{C853AA43-4567-43D8-A968-6BFD014F6C69}.Release|x64.ActiveCfg = Release|Any CPU
		{C853AA43-4567-43D8-A968-6BFD014F6C69}.Release|x64.Build.0 = Release|Any CPU
		{C853AA43-4567-43D8-A968-6BFD014F6C69}.Release|x86.ActiveCfg = Release|Any CPU
		{C853AA43-4567-43D8-A968-6BFD014F6C69}.Release|x86.Build.0 = Release|Any CPU
		{72A18D1D-1711-4B62-842C-8EB74BEFDAA4}.Debug|Any CPU.ActiveCfg = Debug|Any CPU
		{72A18D1D-1711-4B62-842C-8EB74BEFDAA4}.Debug|Any CPU.Build.0 = Debug|Any CPU
		{72A18D1D-1711-4B62-842C-8EB74BEFDAA4}.Debug|x64.ActiveCfg = Debug|Any CPU
		{72A18D1D-1711-4B62-842C-8EB74BEFDAA4}.Debug|x64.Build.0 = Debug|Any CPU
		{72A18D1D-1711-4B62-842C-8EB74BEFDAA4}.Debug|x86.ActiveCfg = Debug|Any CPU
		{72A18D1D-1711-4B62-842C-8EB74BEFDAA4}.Debug|x86.Build.0 = Debug|Any CPU
		{72A18D1D-1711-4B62-842C-8EB74BEFDAA4}.Release|Any CPU.ActiveCfg = Release|Any CPU
		{72A18D1D-1711-4B62-842C-8EB74BEFDAA4}.Release|Any CPU.Build.0 = Release|Any CPU
		{72A18D1D-1711-4B62-842C-8EB74BEFDAA4}.Release|x64.ActiveCfg = Release|Any CPU
		{72A18D1D-1711-4B62-842C-8EB74BEFDAA4}.Release|x64.Build.0 = Release|Any CPU
		{72A18D1D-1711-4B62-842C-8EB74BEFDAA4}.Release|x86.ActiveCfg = Release|Any CPU
		{72A18D1D-1711-4B62-842C-8EB74BEFDAA4}.Release|x86.Build.0 = Release|Any CPU
		{1B4202EE-5ABB-4A5D-AC23-79E5359F9DC3}.Debug|Any CPU.ActiveCfg = Debug|Any CPU
		{1B4202EE-5ABB-4A5D-AC23-79E5359F9DC3}.Debug|Any CPU.Build.0 = Debug|Any CPU
		{1B4202EE-5ABB-4A5D-AC23-79E5359F9DC3}.Debug|x64.ActiveCfg = Debug|Any CPU
		{1B4202EE-5ABB-4A5D-AC23-79E5359F9DC3}.Debug|x64.Build.0 = Debug|Any CPU
		{1B4202EE-5ABB-4A5D-AC23-79E5359F9DC3}.Debug|x86.ActiveCfg = Debug|Any CPU
		{1B4202EE-5ABB-4A5D-AC23-79E5359F9DC3}.Debug|x86.Build.0 = Debug|Any CPU
		{1B4202EE-5ABB-4A5D-AC23-79E5359F9DC3}.Release|Any CPU.ActiveCfg = Release|Any CPU
		{1B4202EE-5ABB-4A5D-AC23-79E5359F9DC3}.Release|Any CPU.Build.0 = Release|Any CPU
		{1B4202EE-5ABB-4A5D-AC23-79E5359F9DC3}.Release|x64.ActiveCfg = Release|Any CPU
		{1B4202EE-5ABB-4A5D-AC23-79E5359F9DC3}.Release|x64.Build.0 = Release|Any CPU
		{1B4202EE-5ABB-4A5D-AC23-79E5359F9DC3}.Release|x86.ActiveCfg = Release|Any CPU
		{1B4202EE-5ABB-4A5D-AC23-79E5359F9DC3}.Release|x86.Build.0 = Release|Any CPU
	EndGlobalSection
	GlobalSection(SolutionProperties) = preSolution
		HideSolutionNode = FALSE
	EndGlobalSection
	GlobalSection(NestedProjects) = preSolution
		{9A63DCE3-E70E-49E9-B240-4F6B831E02BF} = {827E0CD3-B72D-47B6-A68D-7590B98EB39B}
		{15E7E9FF-331D-4E97-872E-2DC3A0639AD6} = {827E0CD3-B72D-47B6-A68D-7590B98EB39B}
		{F1F6FC32-E27C-4AE9-B91B-D35983A1D482} = {827E0CD3-B72D-47B6-A68D-7590B98EB39B}
		{69697CA1-E620-4E75-8BEC-1974C56837A2} = {827E0CD3-B72D-47B6-A68D-7590B98EB39B}
		{BB1C365E-60BC-47A0-A9FD-583F8860E5C3} = {827E0CD3-B72D-47B6-A68D-7590B98EB39B}
		{0EC4230D-4F59-4EB8-9374-2DBD911CA61F} = {827E0CD3-B72D-47B6-A68D-7590B98EB39B}
		{F212C10E-21FF-4C31-8E1B-79C46E70B654} = {827E0CD3-B72D-47B6-A68D-7590B98EB39B}
		{F246D32C-B994-4395-9A27-AA507EB14F39} = {827E0CD3-B72D-47B6-A68D-7590B98EB39B}
		{0B422A9C-0D9C-4F97-B007-4F40F29D1E3C} = {827E0CD3-B72D-47B6-A68D-7590B98EB39B}
		{55C18AE6-CFB0-4D2C-B3A4-5D7D9639CD71} = {827E0CD3-B72D-47B6-A68D-7590B98EB39B}
		{9F1AE101-1996-4CD5-B917-8ABEE588C2A2} = {827E0CD3-B72D-47B6-A68D-7590B98EB39B}
		{7EC5C5DC-865D-4198-97A3-EDA9950C5F4A} = {827E0CD3-B72D-47B6-A68D-7590B98EB39B}
		{C853AA43-4567-43D8-A968-6BFD014F6C69} = {827E0CD3-B72D-47B6-A68D-7590B98EB39B}
		{72A18D1D-1711-4B62-842C-8EB74BEFDAA4} = {827E0CD3-B72D-47B6-A68D-7590B98EB39B}
		{1B4202EE-5ABB-4A5D-AC23-79E5359F9DC3} = {827E0CD3-B72D-47B6-A68D-7590B98EB39B}
	EndGlobalSection
EndGlobal
